<?xml version="1.0" encoding="utf-8"?>
<Project ToolsVersion="15.0" xmlns="http://schemas.microsoft.com/developer/msbuild/2003">
  <ItemGroup>
    <ClCompile Include="$(SolutionDir)src\ppui\osinterface\PPPathFactory.cpp">
      <Filter>Source Files</Filter>
    </ClCompile>
    <ClCompile Include="$(SolutionDir)src\ppui\osinterface\win32\PPMessageBox_WIN32.cpp">
      <Filter>Source Files</Filter>
    </ClCompile>
    <ClCompile Include="$(SolutionDir)src\ppui\osinterface\win32\PPMutex.cpp">
      <Filter>Source Files</Filter>
    </ClCompile>
    <ClCompile Include="$(SolutionDir)src\ppui\osinterface\win32\PPOpenPanel_WIN32.cpp">
      <Filter>Source Files</Filter>
    </ClCompile>
    <ClCompile Include="$(SolutionDir)src\ppui\osinterface\win32\PPPath_WIN32.cpp">
      <Filter>Source Files</Filter>
    </ClCompile>
    <ClCompile Include="$(SolutionDir)src\ppui\osinterface\win32\PPQuitSaveAlert_WIN32.cpp">
      <Filter>Source Files</Filter>
    </ClCompile>
    <ClCompile Include="$(SolutionDir)src\ppui\osinterface\win32\PPSavePanel_WIN32.cpp">
      <Filter>Source Files</Filter>
    </ClCompile>
    <ClCompile Include="$(SolutionDir)src\ppui\osinterface\win32\PPSystem_WIN32.cpp">
      <Filter>Source Files</Filter>
    </ClCompile>
    <ClCompile Include="$(SolutionDir)src\ppui\osinterface\win32\WaitWindow_WIN32.cpp">
      <Filter>Source Files</Filter>
    </ClCompile>
  </ItemGroup>
  <ItemGroup>
    <ClInclude Include="$(SolutionDir)src\ppui\osinterface\PPMessageBox.h">
      <Filter>Header Files</Filter>
    </ClInclude>
    <ClInclude Include="$(SolutionDir)src\ppui\osinterface\PPModalDialog.h">
      <Filter>Header Files</Filter>
    </ClInclude>
    <ClInclude Include="$(SolutionDir)src\ppui\osinterface\PPOpenPanel.h">
      <Filter>Header Files</Filter>
    </ClInclude>
    <ClInclude Include="$(SolutionDir)src\ppui\osinterface\PPPathFactory.h">
      <Filter>Header Files</Filter>
    </ClInclude>
    <ClInclude Include="$(SolutionDir)src\ppui\osinterface\PPQuitSaveAlert.h">
      <Filter>Header Files</Filter>
    </ClInclude>
    <ClInclude Include="$(SolutionDir)src\ppui\osinterface\PPSavePanel.h">
      <Filter>Header Files</Filter>
    </ClInclude>
    <ClInclude Include="$(SolutionDir)src\ppui\osinterface\PPSystem.h">
      <Filter>Header Files</Filter>
    </ClInclude>
    <ClInclude Include="$(SolutionDir)src\ppui\osinterface\win32\PPMutex.h">
      <Filter>Header Files</Filter>
    </ClInclude>
    <ClInclude Include="$(SolutionDir)src\ppui\osinterface\win32\PPPath_WIN32.h">
      <Filter>Header Files</Filter>
    </ClInclude>
    <ClInclude Include="$(SolutionDir)src\ppui\osinterface\win32\PPSystemString_WIN32.h">
      <Filter>Header Files</Filter>
    </ClInclude>
    <ClInclude Include="$(SolutionDir)src\ppui\osinterface\win32\PPSystem_WIN32.h">
      <Filter>Header Files</Filter>
    </ClInclude>
    <ClInclude Include="$(SolutionDir)src\ppui\osinterface\win32\WaitWindow_WIN32.h">
      <Filter>Header Files</Filter>
    </ClInclude>
  </ItemGroup>
  <ItemGroup>
    <Filter Include="Header Files">
      <UniqueIdentifier>{C542CE97-EC39-3BEA-9BAB-7C09187DEB26}</UniqueIdentifier>
    </Filter>
    <Filter Include="Source Files">
      <UniqueIdentifier>{BF354C6D-D1C1-3327-B91F-A7FBB571FBF3}</UniqueIdentifier>
    </Filter>
  </ItemGroup>
</Project>
